
Microsoft Visual Studio Solution File, Format Version 12.00
# Visual Studio 15
VisualStudioVersion = 15.0.28307.852
MinimumVisualStudioVersion = 10.0.40219.1
Project("{FAE04EC0-301F-11D3-BF4B-00C04F79EFBC}") = "Personal Work", "Personal Work\Personal Work.csproj", "{258AE89E-04C6-4731-9D15-1B6819CD225D}"
EndProject
Global
	GlobalSection(SolutionConfigurationPlatforms) = preSolution
		Debug|Any CPU = Debug|Any CPU
		Release|Any CPU = Release|Any CPU
	EndGlobalSection
	GlobalSection(ProjectConfigurationPlatforms) = postSolution
		{258AE89E-04C6-4731-9D15-1B6819CD225D}.Debug|Any CPU.ActiveCfg = Debug|Any CPU
		{258AE89E-04C6-4731-9D15-1B6819CD225D}.Debug|Any CPU.Build.0 = Debug|Any CPU
		{258AE89E-04C6-4731-9D15-1B6819CD225D}.Release|Any CPU.ActiveCfg = Release|Any CPU
		{258AE89E-04C6-4731-9D15-1B6819CD225D}.Release|Any CPU.Build.0 = Release|Any CPU
	EndGlobalSection
	GlobalSection(SolutionProperties) = preSolution
		HideSolutionNode = FALSE
	EndGlobalSection
	GlobalSection(ExtensibilityGlobals) = postSolution
		SolutionGuid = {0E16C424-C63E-46AA-A332-0BF42544C772}
	EndGlobalSection
EndGlobal
